{
  "name": "res-pareto-process",
  "version": "0.4.0",
  "lockfileVersion": 2,
  "requires": true,
  "packages": {
    "": {
      "name": "res-pareto-process",
      "version": "0.4.0",
      "license": "ISC",
      "dependencies": {
        "api-pareto-process": "^0.1.2"
      },
      "devDependencies": {
        "@types/node": "^18.7.14"
      }
    },
    "node_modules/@types/node": {
      "version": "18.7.14",
      "resolved": "https://registry.npmjs.org/@types/node/-/node-18.7.14.tgz",
      "integrity": "sha512-6bbDaETVi8oyIARulOE9qF1/Qdi/23z6emrUh0fNJRUmjznqrixD4MpGDdgOFk5Xb0m2H6Xu42JGdvAxaJR/wA==",
      "dev": true
    },
    "node_modules/api-pareto-process": {
      "version": "0.1.2",
      "resolved": "https://registry.npmjs.org/api-pareto-process/-/api-pareto-process-0.1.2.tgz",
      "integrity": "sha512-PJGqAfumwop+HJN3oQwVKSB0Cv3Y+/RHbXxVj3QZQKZegHUS9bOtgiD/9xhY0vumP0smRJVwFCimoUycgzkXBQ==",
      "dependencies": {
        "pareto-core-types": "^0.2.0"
      }
    },
    "node_modules/pareto-core-types": {
      "version": "0.2.0",
      "resolved": "https://registry.npmjs.org/pareto-core-types/-/pareto-core-types-0.2.0.tgz",
      "integrity": "sha512-XopY0slTv5wAObZu0nOSsz6O86K/peQhVu+bqIBMJRKiewjawmIOqa9e8JHlFyXdMHxa0Ek4zDThWQVkiBCsKQ=="
    }
  },
  "dependencies": {
    "@types/node": {
      "version": "18.7.14",
      "resolved": "https://registry.npmjs.org/@types/node/-/node-18.7.14.tgz",
      "integrity": "sha512-6bbDaETVi8oyIARulOE9qF1/Qdi/23z6emrUh0fNJRUmjznqrixD4MpGDdgOFk5Xb0m2H6Xu42JGdvAxaJR/wA==",
      "dev": true
    },
    "api-pareto-process": {
      "version": "0.1.2",
      "resolved": "https://registry.npmjs.org/api-pareto-process/-/api-pareto-process-0.1.2.tgz",
      "integrity": "sha512-PJGqAfumwop+HJN3oQwVKSB0Cv3Y+/RHbXxVj3QZQKZegHUS9bOtgiD/9xhY0vumP0smRJVwFCimoUycgzkXBQ==",
      "requires": {
        "pareto-core-types": "^0.2.0"
      }
    },
    "pareto-core-types": {
      "version": "0.2.0",
      "resolved": "https://registry.npmjs.org/pareto-core-types/-/pareto-core-types-0.2.0.tgz",
      "integrity": "sha512-XopY0slTv5wAObZu0nOSsz6O86K/peQhVu+bqIBMJRKiewjawmIOqa9e8JHlFyXdMHxa0Ek4zDThWQVkiBCsKQ=="
    }
  }
}
