{
  "name": "res-pareto-process",
  "version": "0.6.0",
  "lockfileVersion": 2,
  "requires": true,
  "packages": {
    "": {
      "name": "res-pareto-process",
      "version": "0.6.0",
      "license": "ISC",
      "dependencies": {
        "api-pareto-process": "^0.2.0"
      },
      "devDependencies": {
        "@types/node": "^18.7.15"
      }
    },
    "node_modules/@types/node": {
      "version": "18.7.15",
      "resolved": "https://registry.npmjs.org/@types/node/-/node-18.7.15.tgz",
      "integrity": "sha512-XnjpaI8Bgc3eBag2Aw4t2Uj/49lLBSStHWfqKvIuXD7FIrZyMLWp8KuAFHAqxMZYTF9l08N1ctUn9YNybZJVmQ==",
      "dev": true
    },
    "node_modules/api-pareto-process": {
      "version": "0.2.0",
      "resolved": "https://registry.npmjs.org/api-pareto-process/-/api-pareto-process-0.2.0.tgz",
      "integrity": "sha512-18R3g8nHLePQtV0XqaUWIVEQ7tKP5oeBPDTGpd+4eLqIusMr+91e8SCmE8DtIrHuCIAVb9twDhCcjgFsQlSebA==",
      "dependencies": {
        "pareto-core-types": "^0.2.0"
      }
    },
    "node_modules/pareto-core-types": {
      "version": "0.2.0",
      "resolved": "https://registry.npmjs.org/pareto-core-types/-/pareto-core-types-0.2.0.tgz",
      "integrity": "sha512-XopY0slTv5wAObZu0nOSsz6O86K/peQhVu+bqIBMJRKiewjawmIOqa9e8JHlFyXdMHxa0Ek4zDThWQVkiBCsKQ=="
    }
  },
  "dependencies": {
    "@types/node": {
      "version": "18.7.15",
      "resolved": "https://registry.npmjs.org/@types/node/-/node-18.7.15.tgz",
      "integrity": "sha512-XnjpaI8Bgc3eBag2Aw4t2Uj/49lLBSStHWfqKvIuXD7FIrZyMLWp8KuAFHAqxMZYTF9l08N1ctUn9YNybZJVmQ==",
      "dev": true
    },
    "api-pareto-process": {
      "version": "0.2.0",
      "resolved": "https://registry.npmjs.org/api-pareto-process/-/api-pareto-process-0.2.0.tgz",
      "integrity": "sha512-18R3g8nHLePQtV0XqaUWIVEQ7tKP5oeBPDTGpd+4eLqIusMr+91e8SCmE8DtIrHuCIAVb9twDhCcjgFsQlSebA==",
      "requires": {
        "pareto-core-types": "^0.2.0"
      }
    },
    "pareto-core-types": {
      "version": "0.2.0",
      "resolved": "https://registry.npmjs.org/pareto-core-types/-/pareto-core-types-0.2.0.tgz",
      "integrity": "sha512-XopY0slTv5wAObZu0nOSsz6O86K/peQhVu+bqIBMJRKiewjawmIOqa9e8JHlFyXdMHxa0Ek4zDThWQVkiBCsKQ=="
    }
  }
}
