{
  "name": "pub",
  "lockfileVersion": 2,
  "requires": true,
  "packages": {
    "": {
      "license": "TBD",
      "dependencies": {
        "glo-pareto-common": "^0.21.0",
        "pareto-core-internals": "^0.13.0"
      },
      "devDependencies": {
        "@types/node": "^18.15.3"
      }
    },
    "node_modules/@types/node": {
      "version": "18.15.3",
      "resolved": "https://registry.npmjs.org/@types/node/-/node-18.15.3.tgz",
      "integrity": "sha512-p6ua9zBxz5otCmbpb5D3U4B5Nanw6Pk3PPyX05xnxbB/fRv71N7CPmORg7uAD5P70T0xmx1pzAx/FUfa5X+3cw==",
      "dev": true
    },
    "node_modules/glo-pareto-common": {
      "version": "0.21.0",
      "resolved": "https://registry.npmjs.org/glo-pareto-common/-/glo-pareto-common-0.21.0.tgz",
      "integrity": "sha512-yaSX2L90LlGwy0ZYPLPrCCISovmK+v9/t7G5t2w9hfYMnlIKGCzGpQrRkMdlvjC1xNnLgJo5MJV2gwuAD7HEPw==",
      "dependencies": {
        "pareto-core-types": "^0.12.0"
      }
    },
    "node_modules/pareto-core-internals": {
      "version": "0.13.0",
      "resolved": "https://registry.npmjs.org/pareto-core-internals/-/pareto-core-internals-0.13.0.tgz",
      "integrity": "sha512-Yb9SVAb3G7H1EZBTxyA1VWuf5bGYd5hMccgklqkvlaavQab6w7PiMvzUY0Wzj1pExFAYe2rtm8IQ2uSBHAyS0g==",
      "dependencies": {
        "pareto-core-types": "^0.12.0"
      }
    },
    "node_modules/pareto-core-types": {
      "version": "0.12.0",
      "resolved": "https://registry.npmjs.org/pareto-core-types/-/pareto-core-types-0.12.0.tgz",
      "integrity": "sha512-cxQ3sI0kJby0o1xM6C6lMl2VFrK1cTTjMF3sSEKW9i3S1xJEnmXybh1oE4+tdIsQmQysDAGOZ0Awi/gzzjnJHw=="
    }
  },
  "dependencies": {
    "@types/node": {
      "version": "18.15.3",
      "resolved": "https://registry.npmjs.org/@types/node/-/node-18.15.3.tgz",
      "integrity": "sha512-p6ua9zBxz5otCmbpb5D3U4B5Nanw6Pk3PPyX05xnxbB/fRv71N7CPmORg7uAD5P70T0xmx1pzAx/FUfa5X+3cw==",
      "dev": true
    },
    "glo-pareto-common": {
      "version": "0.21.0",
      "resolved": "https://registry.npmjs.org/glo-pareto-common/-/glo-pareto-common-0.21.0.tgz",
      "integrity": "sha512-yaSX2L90LlGwy0ZYPLPrCCISovmK+v9/t7G5t2w9hfYMnlIKGCzGpQrRkMdlvjC1xNnLgJo5MJV2gwuAD7HEPw==",
      "requires": {
        "pareto-core-types": "^0.12.0"
      }
    },
    "pareto-core-internals": {
      "version": "0.13.0",
      "resolved": "https://registry.npmjs.org/pareto-core-internals/-/pareto-core-internals-0.13.0.tgz",
      "integrity": "sha512-Yb9SVAb3G7H1EZBTxyA1VWuf5bGYd5hMccgklqkvlaavQab6w7PiMvzUY0Wzj1pExFAYe2rtm8IQ2uSBHAyS0g==",
      "requires": {
        "pareto-core-types": "^0.12.0"
      }
    },
    "pareto-core-types": {
      "version": "0.12.0",
      "resolved": "https://registry.npmjs.org/pareto-core-types/-/pareto-core-types-0.12.0.tgz",
      "integrity": "sha512-cxQ3sI0kJby0o1xM6C6lMl2VFrK1cTTjMF3sSEKW9i3S1xJEnmXybh1oE4+tdIsQmQysDAGOZ0Awi/gzzjnJHw=="
    }
  }
}
